
Microsoft Visual Studio Solution File, Format Version 12.00
# Visual Studio 16
Project("{FAE04EC0-301F-11D3-BF4B-00C04F79EFBC}") = "Assembly-CSharp", "Assembly-CSharp.csproj", "{9FB8C2E2-54A0-2AF4-D43F-C787FD5E1045}"
EndProject
Project("{FAE04EC0-301F-11D3-BF4B-00C04F79EFBC}") = "Assembly-CSharp-Editor", "Assembly-CSharp-Editor.csproj", "{4D357529-873E-C26C-AEDF-72B2EB2CB498}"
EndProject
Global
	GlobalSection(SolutionConfigurationPlatforms) = preSolution
		Debug|Any CPU = Debug|Any CPU
		Release|Any CPU = Release|Any CPU
	EndGlobalSection
	GlobalSection(ProjectConfigurationPlatforms) = postSolution
		{9FB8C2E2-54A0-2AF4-D43F-C787FD5E1045}.Debug|Any CPU.ActiveCfg = Debug|Any CPU
		{9FB8C2E2-54A0-2AF4-D43F-C787FD5E1045}.Debug|Any CPU.Build.0 = Debug|Any CPU
		{9FB8C2E2-54A0-2AF4-D43F-C787FD5E1045}.Release|Any CPU.ActiveCfg = Release|Any CPU
		{9FB8C2E2-54A0-2AF4-D43F-C787FD5E1045}.Release|Any CPU.Build.0 = Release|Any CPU
		{4D357529-873E-C26C-AEDF-72B2EB2CB498}.Debug|Any CPU.ActiveCfg = Debug|Any CPU
		{4D357529-873E-C26C-AEDF-72B2EB2CB498}.Debug|Any CPU.Build.0 = Debug|Any CPU
		{4D357529-873E-C26C-AEDF-72B2EB2CB498}.Release|Any CPU.ActiveCfg = Release|Any CPU
		{4D357529-873E-C26C-AEDF-72B2EB2CB498}.Release|Any CPU.Build.0 = Release|Any CPU
	EndGlobalSection
	GlobalSection(SolutionProperties) = preSolution
		HideSolutionNode = FALSE
	EndGlobalSection
	GlobalSection(MonoDevelopProperties) = preSolution
		StartupItem = Assembly-CSharp.csproj
	EndGlobalSection
EndGlobal
